
Microsoft Visual Studio Solution File, Format Version 12.00
# Visual Studio Version 17
VisualStudioVersion = 17.13.35828.75
MinimumVisualStudioVersion = 10.0.40219.1
Project("{FAE04EC0-301F-11D3-BF4B-00C04F79EFBC}") = "Agencia_De_Turismo_App", "Agencia_De_Turismo_App\Agencia_De_Turismo_App.csproj", "{83E33689-2F3A-48FC-8521-07B9A05D0966}"
EndProject
Global
	GlobalSection(SolutionConfigurationPlatforms) = preSolution
		Debug|Any CPU = Debug|Any CPU
		Release|Any CPU = Release|Any CPU
	EndGlobalSection
	GlobalSection(ProjectConfigurationPlatforms) = postSolution
		{83E33689-2F3A-48FC-8521-07B9A05D0966}.Debug|Any CPU.ActiveCfg = Debug|Any CPU
		{83E33689-2F3A-48FC-8521-07B9A05D0966}.Debug|Any CPU.Build.0 = Debug|Any CPU
		{83E33689-2F3A-48FC-8521-07B9A05D0966}.Release|Any CPU.ActiveCfg = Release|Any CPU
		{83E33689-2F3A-48FC-8521-07B9A05D0966}.Release|Any CPU.Build.0 = Release|Any CPU
	EndGlobalSection
	GlobalSection(SolutionProperties) = preSolution
		HideSolutionNode = FALSE
	EndGlobalSection
	GlobalSection(ExtensibilityGlobals) = postSolution
		SolutionGuid = {83A591A9-6FF6-441A-A04C-454B17D9535E}
	EndGlobalSection
EndGlobal
